
Microsoft Visual Studio Solution File, Format Version 12.00
# Visual Studio 15
VisualStudioVersion = 15.0.28307.102
MinimumVisualStudioVersion = 10.0.40219.1
Project("{9A19103F-16F7-4668-BE54-9A1E7A4F7556}") = "LibraryFunction", "LibraryFunction\LibraryFunction.csproj", "{E3596683-929E-49DC-A653-D3F53DE3BD67}"
EndProject
Project("{9A19103F-16F7-4668-BE54-9A1E7A4F7556}") = "LibraryDataAgent", "LibraryDataAgent.cs\LibraryDataAgent.csproj", "{0BC54AC9-EF0E-47B4-869F-BE0BF77B300B}"
EndProject
Project("{FAE04EC0-301F-11D3-BF4B-00C04F79EFBC}") = "LibraryIntegrationTest", "LibraryIntegrationTest\LibraryIntegrationTest.csproj", "{0833476D-67DB-4D00-9871-A89EC4F280BD}"
EndProject
Project("{FAE04EC0-301F-11D3-BF4B-00C04F79EFBC}") = "LibraryUnitTest", "LibraryUnitTest\LibraryUnitTest.csproj", "{20675BB7-541E-4F12-A4BC-579B1BE9EB6D}"
EndProject
Global
	GlobalSection(SolutionConfigurationPlatforms) = preSolution
		Debug|Any CPU = Debug|Any CPU
		Release|Any CPU = Release|Any CPU
	EndGlobalSection
	GlobalSection(ProjectConfigurationPlatforms) = postSolution
		{E3596683-929E-49DC-A653-D3F53DE3BD67}.Debug|Any CPU.ActiveCfg = Debug|Any CPU
		{E3596683-929E-49DC-A653-D3F53DE3BD67}.Debug|Any CPU.Build.0 = Debug|Any CPU
		{E3596683-929E-49DC-A653-D3F53DE3BD67}.Release|Any CPU.ActiveCfg = Release|Any CPU
		{E3596683-929E-49DC-A653-D3F53DE3BD67}.Release|Any CPU.Build.0 = Release|Any CPU
		{0BC54AC9-EF0E-47B4-869F-BE0BF77B300B}.Debug|Any CPU.ActiveCfg = Debug|Any CPU
		{0BC54AC9-EF0E-47B4-869F-BE0BF77B300B}.Debug|Any CPU.Build.0 = Debug|Any CPU
		{0BC54AC9-EF0E-47B4-869F-BE0BF77B300B}.Release|Any CPU.ActiveCfg = Release|Any CPU
		{0BC54AC9-EF0E-47B4-869F-BE0BF77B300B}.Release|Any CPU.Build.0 = Release|Any CPU
		{0833476D-67DB-4D00-9871-A89EC4F280BD}.Debug|Any CPU.ActiveCfg = Debug|Any CPU
		{0833476D-67DB-4D00-9871-A89EC4F280BD}.Debug|Any CPU.Build.0 = Debug|Any CPU
		{0833476D-67DB-4D00-9871-A89EC4F280BD}.Release|Any CPU.ActiveCfg = Release|Any CPU
		{0833476D-67DB-4D00-9871-A89EC4F280BD}.Release|Any CPU.Build.0 = Release|Any CPU
		{20675BB7-541E-4F12-A4BC-579B1BE9EB6D}.Debug|Any CPU.ActiveCfg = Debug|Any CPU
		{20675BB7-541E-4F12-A4BC-579B1BE9EB6D}.Debug|Any CPU.Build.0 = Debug|Any CPU
		{20675BB7-541E-4F12-A4BC-579B1BE9EB6D}.Release|Any CPU.ActiveCfg = Release|Any CPU
		{20675BB7-541E-4F12-A4BC-579B1BE9EB6D}.Release|Any CPU.Build.0 = Release|Any CPU
	EndGlobalSection
	GlobalSection(SolutionProperties) = preSolution
		HideSolutionNode = FALSE
	EndGlobalSection
	GlobalSection(ExtensibilityGlobals) = postSolution
		SolutionGuid = {15A03B33-C260-4283-9721-0BC975E8BB65}
	EndGlobalSection
EndGlobal
